
Microsoft Visual Studio Solution File, Format Version 12.00
# Visual Studio Version 17
VisualStudioVersion = 17.10.35004.147
MinimumVisualStudioVersion = 10.0.40219.1
Project("{FAE04EC0-301F-11D3-BF4B-00C04F79EFBC}") = "Api Bouvet", "Api Bouvet\Api Bouvet.csproj", "{04E73EAC-3A6E-41A1-9855-4F781A58FB8E}"
EndProject
Global
	GlobalSection(SolutionConfigurationPlatforms) = preSolution
		Debug|Any CPU = Debug|Any CPU
		Release|Any CPU = Release|Any CPU
	EndGlobalSection
	GlobalSection(ProjectConfigurationPlatforms) = postSolution
		{04E73EAC-3A6E-41A1-9855-4F781A58FB8E}.Debug|Any CPU.ActiveCfg = Debug|Any CPU
		{04E73EAC-3A6E-41A1-9855-4F781A58FB8E}.Debug|Any CPU.Build.0 = Debug|Any CPU
		{04E73EAC-3A6E-41A1-9855-4F781A58FB8E}.Release|Any CPU.ActiveCfg = Release|Any CPU
		{04E73EAC-3A6E-41A1-9855-4F781A58FB8E}.Release|Any CPU.Build.0 = Release|Any CPU
	EndGlobalSection
	GlobalSection(SolutionProperties) = preSolution
		HideSolutionNode = FALSE
	EndGlobalSection
	GlobalSection(ExtensibilityGlobals) = postSolution
		SolutionGuid = {07B09DBA-1CC3-4553-99C4-D1E05FFA421A}
	EndGlobalSection
EndGlobal
